// !$*UTF8*$!
{
	archiveVersion = 1;
	classes = {
	};
	objectVersion = 48;
	objects = {

/* Begin PBXBuildFile section */
		FFDE39F62094350D00F21282 /* AppDelegate.m in Sources */ = {isa = PBXBuildFile; fileRef = FFDE39F52094350D00F21282 /* AppDelegate.m */; };
		FFDE39F92094350D00F21282 /* ViewController.m in Sources */ = {isa = PBXBuildFile; fileRef = FFDE39F82094350D00F21282 /* ViewController.m */; };
		FFDE39FC2094350D00F21282 /* Main.storyboard in Resources */ = {isa = PBXBuildFile; fileRef = FFDE39FA2094350D00F21282 /* Main.storyboard */; };
		FFDE39FE2094350D00F21282 /* Assets.xcassets in Resources */ = {isa = PBXBuildFile; fileRef = FFDE39FD2094350D00F21282 /* Assets.xcassets */; };
		FFDE3A012094350D00F21282 /* LaunchScreen.storyboard in Resources */ = {isa = PBXBuildFile; fileRef = FFDE39FF2094350D00F21282 /* LaunchScreen.storyboard */; };
		FFDE3A042094350D00F21282 /* main.m in Sources */ = {isa = PBXBuildFile; fileRef = FFDE3A032094350D00F21282 /* main.m */; };
		FFDE3A0D2094354100F21282 /* MDKTenOpenTool.m in Sources */ = {isa = PBXBuildFile; fileRef = FFDE3A0C2094354000F21282 /* MDKTenOpenTool.m */; };
/* End PBXBuildFile section */

/* Begin PBXFileReference section */
		FFDE39F12094350C00F21282 /* MDKTenOpenTool.app */ = {isa = PBXFileReference; explicitFileType = wrapper.application; includeInIndex = 0; path = MDKTenOpenTool.app; sourceTree = BUILT_PRODUCTS_DIR; };
		FFDE39F42094350D00F21282 /* AppDelegate.h */ = {isa = PBXFileReference; lastKnownFileType = sourcecode.c.h; path = AppDelegate.h; sourceTree = "<group>"; };
		FFDE39F52094350D00F21282 /* AppDelegate.m */ = {isa = PBXFileReference; lastKnownFileType = sourcecode.c.objc; path = AppDelegate.m; sourceTree = "<group>"; };
		FFDE39F72094350D00F21282 /* ViewController.h */ = {isa = PBXFileReference; lastKnownFileType = sourcecode.c.h; path = ViewController.h; sourceTree = "<group>"; };
		FFDE39F82094350D00F21282 /* ViewController.m */ = {isa = PBXFileReference; lastKnownFileType = sourcecode.c.objc; path = ViewController.m; sourceTree = "<group>"; };
		FFDE39FB2094350D00F21282 /* Base */ = {isa = PBXFileReference; lastKnownFileType = file.storyboard; name = Base; path = Base.lproj/Main.storyboard; sourceTree = "<group>"; };
		FFDE39FD2094350D00F21282 /* Assets.xcassets */ = {isa = PBXFileReference; lastKnownFileType = folder.assetcatalog; path = Assets.xcassets; sourceTree = "<group>"; };
		FFDE3A002094350D00F21282 /* Base */ = {isa = PBXFileReference; lastKnownFileType = file.storyboard; name = Base; path = Base.lproj/LaunchScreen.storyboard; sourceTree = "<group>"; };
		FFDE3A022094350D00F21282 /* Info.plist */ = {isa = PBXFileReference; lastKnownFileType = text.plist.xml; path = Info.plist; sourceTree = "<group>"; };
		FFDE3A032094350D00F21282 /* main.m */ = {isa = PBXFileReference; lastKnownFileType = sourcecode.c.objc; path = main.m; sourceTree = "<group>"; };
		FFDE3A0B2094354000F21282 /* MDKTenOpenTool.h */ = {isa = PBXFileReference; fileEncoding = 4; lastKnownFileType = sourcecode.c.h; path = MDKTenOpenTool.h; sourceTree = "<group>"; };
		FFDE3A0C2094354000F21282 /* MDKTenOpenTool.m */ = {isa = PBXFileReference; fileEncoding = 4; lastKnownFileType = sourcecode.c.objc; path = MDKTenOpenTool.m; sourceTree = "<group>"; };
/* End PBXFileReference section */

/* Begin PBXFrameworksBuildPhase section */
		FFDE39EE2094350C00F21282 /* Frameworks */ = {
			isa = PBXFrameworksBuildPhase;
			buildActionMask = 2147483647;
			files = (
			);
			runOnlyForDeploymentPostprocessing = 0;
		};
/* End PBXFrameworksBuildPhase section */

/* Begin PBXGroup section */
		FFDE39E82094350C00F21282 = {
			isa = PBXGroup;
			children = (
				FFDE3A0A2094354000F21282 /* Class */,
				FFDE39F32094350C00F21282 /* MDKTenOpenTool */,
				FFDE39F22094350C00F21282 /* Products */,
			);
			sourceTree = "<group>";
		};
		FFDE39F22094350C00F21282 /* Products */ = {
			isa = PBXGroup;
			children = (
				FFDE39F12094350C00F21282 /* MDKTenOpenTool.app */,
			);
			name = Products;
			sourceTree = "<group>";
		};
		FFDE39F32094350C00F21282 /* MDKTenOpenTool */ = {
			isa = PBXGroup;
			children = (
				FFDE39F42094350D00F21282 /* AppDelegate.h */,
				FFDE39F52094350D00F21282 /* AppDelegate.m */,
				FFDE39F72094350D00F21282 /* ViewController.h */,
				FFDE39F82094350D00F21282 /* ViewController.m */,
				FFDE39FA2094350D00F21282 /* Main.storyboard */,
				FFDE39FD2094350D00F21282 /* Assets.xcassets */,
				FFDE39FF2094350D00F21282 /* LaunchScreen.storyboard */,
				FFDE3A022094350D00F21282 /* Info.plist */,
				FFDE3A032094350D00F21282 /* main.m */,
			);
			path = MDKTenOpenTool;
			sourceTree = "<group>";
		};
		FFDE3A0A2094354000F21282 /* Class */ = {
			isa = PBXGroup;
			children = (
				FFDE3A0B2094354000F21282 /* MDKTenOpenTool.h */,
				FFDE3A0C2094354000F21282 /* MDKTenOpenTool.m */,
			);
			path = Class;
			sourceTree = "<group>";
		};
/* End PBXGroup section */

/* Begin PBXNativeTarget section */
		FFDE39F02094350C00F21282 /* MDKTenOpenTool */ = {
			isa = PBXNativeTarget;
			buildConfigurationList = FFDE3A072094350D00F21282 /* Build configuration list for PBXNativeTarget "MDKTenOpenTool" */;
			buildPhases = (
				FFDE39ED2094350C00F21282 /* Sources */,
				FFDE39EE2094350C00F21282 /* Frameworks */,
				FFDE39EF2094350C00F21282 /* Resources */,
			);
			buildRules = (
			);
			dependencies = (
			);
			name = MDKTenOpenTool;
			productName = MDKTenOpenTool;
			productReference = FFDE39F12094350C00F21282 /* MDKTenOpenTool.app */;
			productType = "com.apple.product-type.application";
		};
/* End PBXNativeTarget section */

/* Begin PBXProject section */
		FFDE39E92094350C00F21282 /* Project object */ = {
			isa = PBXProject;
			attributes = {
				LastUpgradeCheck = 0920;
				ORGANIZATIONNAME = mdk;
				TargetAttributes = {
					FFDE39F02094350C00F21282 = {
						CreatedOnToolsVersion = 9.2;
						ProvisioningStyle = Automatic;
					};
				};
			};
			buildConfigurationList = FFDE39EC2094350C00F21282 /* Build configuration list for PBXProject "MDKTenOpenTool" */;
			compatibilityVersion = "Xcode 8.0";
			developmentRegion = en;
			hasScannedForEncodings = 0;
			knownRegions = (
				en,
				Base,
			);
			mainGroup = FFDE39E82094350C00F21282;
			productRefGroup = FFDE39F22094350C00F21282 /* Products */;
			projectDirPath = "";
			projectRoot = "";
			targets = (
				FFDE39F02094350C00F21282 /* MDKTenOpenTool */,
			);
		};
/* End PBXProject section */

/* Begin PBXResourcesBuildPhase section */
		FFDE39EF2094350C00F21282 /* Resources */ = {
			isa = PBXResourcesBuildPhase;
			buildActionMask = 2147483647;
			files = (
				FFDE3A012094350D00F21282 /* LaunchScreen.storyboard in Resources */,
				FFDE39FE2094350D00F21282 /* Assets.xcassets in Resources */,
				FFDE39FC2094350D00F21282 /* Main.storyboard in Resources */,
			);
			runOnlyForDeploymentPostprocessing = 0;
		};
/* End PBXResourcesBuildPhase section */

/* Begin PBXSourcesBuildPhase section */
		FFDE39ED2094350C00F21282 /* Sources */ = {
			isa = PBXSourcesBuildPhase;
			buildActionMask = 2147483647;
			files = (
				FFDE39F92094350D00F21282 /* ViewController.m in Sources */,
				FFDE3A042094350D00F21282 /* main.m in Sources */,
				FFDE3A0D2094354100F21282 /* MDKTenOpenTool.m in Sources */,
				FFDE39F62094350D00F21282 /* AppDelegate.m in Sources */,
			);
			runOnlyForDeploymentPostprocessing = 0;
		};
/* End PBXSourcesBuildPhase section */

/* Begin PBXVariantGroup section */
		FFDE39FA2094350D00F21282 /* Main.storyboard */ = {
			isa = PBXVariantGroup;
			children = (
				FFDE39FB2094350D00F21282 /* Base */,
			);
			name = Main.storyboard;
			sourceTree = "<group>";
		};
		FFDE39FF2094350D00F21282 /* LaunchScreen.storyboard */ = {
			isa = PBXVariantGroup;
			children = (
				FFDE3A002094350D00F21282 /* Base */,
			);
			name = LaunchScreen.storyboard;
			sourceTree = "<group>";
		};
/* End PBXVariantGroup section */

/* Begin XCBuildConfiguration section */
		FFDE3A052094350D00F21282 /* Debug */ = {
			isa = XCBuildConfiguration;
			buildSettings = {
				ALWAYS_SEARCH_USER_PATHS = NO;
				CLANG_ANALYZER_NONNULL = YES;
				CLANG_ANALYZER_NUMBER_OBJECT_CONVERSION = YES_AGGRESSIVE;
				CLANG_CXX_LANGUAGE_STANDARD = "gnu++14";
				CLANG_CXX_LIBRARY = "libc++";
				CLANG_ENABLE_MODULES = YES;
				CLANG_ENABLE_OBJC_ARC = YES;
				CLANG_WARN_BLOCK_CAPTURE_AUTORELEASING = YES;
				CLANG_WARN_BOOL_CONVERSION = YES;
				CLANG_WARN_COMMA = YES;
				CLANG_WARN_CONSTANT_CONVERSION = YES;
				CLANG_WARN_DIRECT_OBJC_ISA_USAGE = YES_ERROR;
				CLANG_WARN_DOCUMENTATION_COMMENTS = YES;
				CLANG_WARN_EMPTY_BODY = YES;
				CLANG_WARN_ENUM_CONVERSION = YES;
				CLANG_WARN_INFINITE_RECURSION = YES;
				CLANG_WARN_INT_CONVERSION = YES;
				CLANG_WARN_NON_LITERAL_NULL_CONVERSION = YES;
				CLANG_WARN_OBJC_LITERAL_CONVERSION = YES;
				CLANG_WARN_OBJC_ROOT_CLASS = YES_ERROR;
				CLANG_WARN_RANGE_LOOP_ANALYSIS = YES;
				CLANG_WARN_STRICT_PROTOTYPES = YES;
				CLANG_WARN_SUSPICIOUS_MOVE = YES;
				CLANG_WARN_UNGUARDED_AVAILABILITY = YES_AGGRESSIVE;
				CLANG_WARN_UNREACHABLE_CODE = YES;
				CLANG_WARN__DUPLICATE_METHOD_MATCH = YES;
				CODE_SIGN_IDENTITY = "iPhone Developer";
				COPY_PHASE_STRIP = NO;
				DEBUG_INFORMATION_FORMAT = dwarf;
				ENABLE_STRICT_OBJC_MSGSEND = YES;
				ENABLE_TESTABILITY = YES;
				GCC_C_LANGUAGE_STANDARD = gnu11;
				GCC_DYNAMIC_NO_PIC = NO;
				GCC_NO_COMMON_BLOCKS = YES;
				GCC_OPTIMIZATION_LEVEL = 0;
				GCC_PREPROCESSOR_DEFINITIONS = (
					"DEBUG=1",
					"$(inherited)",
				);
				GCC_WARN_64_TO_32_BIT_CONVERSION = YES;
				GCC_WARN_ABOUT_RETURN_TYPE = YES_ERROR;
				GCC_WARN_UNDECLARED_SELECTOR = YES;
				GCC_WARN_UNINITIALIZED_AUTOS = YES_AGGRESSIVE;
				GCC_WARN_UNUSED_FUNCTION = YES;
				GCC_WARN_UNUSED_VARIABLE = YES;
				IPHONEOS_DEPLOYMENT_TARGET = 11.3;
				MTL_ENABLE_DEBUG_INFO = YES;
				ONLY_ACTIVE_ARCH = YES;
				SDKROOT = iphoneos;
			};
			name = Debug;
		};
		FFDE3A062094350D00F21282 /* Release */ = {
			isa = XCBuildConfiguration;
			buildSettings = {
				ALWAYS_SEARCH_USER_PATHS = NO;
				CLANG_ANALYZER_NONNULL = YES;
				CLANG_ANALYZER_NUMBER_OBJECT_CONVERSION = YES_AGGRESSIVE;
				CLANG_CXX_LANGUAGE_STANDARD = "gnu++14";
				CLANG_CXX_LIBRARY = "libc++";
				CLANG_ENABLE_MODULES = YES;
				CLANG_ENABLE_OBJC_ARC = YES;
				CLANG_WARN_BLOCK_CAPTURE_AUTORELEASING = YES;
				CLANG_WARN_BOOL_CONVERSION = YES;
				CLANG_WARN_COMMA = YES;
				CLANG_WARN_CONSTANT_CONVERSION = YES;
				CLANG_WARN_DIRECT_OBJC_ISA_USAGE = YES_ERROR;
				CLANG_WARN_DOCUMENTATION_COMMENTS = YES;
				CLANG_WARN_EMPTY_BODY = YES;
				CLANG_WARN_ENUM_CONVERSION = YES;
				CLANG_WARN_INFINITE_RECURSION = YES;
				CLANG_WARN_INT_CONVERSION = YES;
				CLANG_WARN_NON_LITERAL_NULL_CONVERSION = YES;
				CLANG_WARN_OBJC_LITERAL_CONVERSION = YES;
				CLANG_WARN_OBJC_ROOT_CLASS = YES_ERROR;
				CLANG_WARN_RANGE_LOOP_ANALYSIS = YES;
				CLANG_WARN_STRICT_PROTOTYPES = YES;
				CLANG_WARN_SUSPICIOUS_MOVE = YES;
				CLANG_WARN_UNGUARDED_AVAILABILITY = YES_AGGRESSIVE;
				CLANG_WARN_UNREACHABLE_CODE = YES;
				CLANG_WARN__DUPLICATE_METHOD_MATCH = YES;
				CODE_SIGN_IDENTITY = "iPhone Developer";
				COPY_PHASE_STRIP = NO;
				DEBUG_INFORMATION_FORMAT = "dwarf-with-dsym";
				ENABLE_NS_ASSERTIONS = NO;
				ENABLE_STRICT_OBJC_MSGSEND = YES;
				GCC_C_LANGUAGE_STANDARD = gnu11;
				GCC_NO_COMMON_BLOCKS = YES;
				GCC_WARN_64_TO_32_BIT_CONVERSION = YES;
				GCC_WARN_ABOUT_RETURN_TYPE = YES_ERROR;
				GCC_WARN_UNDECLARED_SELECTOR = YES;
				GCC_WARN_UNINITIALIZED_AUTOS = YES_AGGRESSIVE;
				GCC_WARN_UNUSED_FUNCTION = YES;
				GCC_WARN_UNUSED_VARIABLE = YES;
				IPHONEOS_DEPLOYMENT_TARGET = 11.3;
				MTL_ENABLE_DEBUG_INFO = NO;
				SDKROOT = iphoneos;
				VALIDATE_PRODUCT = YES;
			};
			name = Release;
		};
		FFDE3A082094350D00F21282 /* Debug */ = {
			isa = XCBuildConfiguration;
			buildSettings = {
				ASSETCATALOG_COMPILER_APPICON_NAME = AppIcon;
				CODE_SIGN_STYLE = Automatic;
				DEVELOPMENT_TEAM = 3AP6XM8L72;
				INFOPLIST_FILE = MDKTenOpenTool/Info.plist;
				IPHONEOS_DEPLOYMENT_TARGET = 9.0;
				LD_RUNPATH_SEARCH_PATHS = "$(inherited) @executable_path/Frameworks";
				PRODUCT_BUNDLE_IDENTIFIER = mdk.MDKTenOpenTool;
				PRODUCT_NAME = "$(TARGET_NAME)";
				TARGETED_DEVICE_FAMILY = "1,2";
			};
			name = Debug;
		};
		FFDE3A092094350D00F21282 /* Release */ = {
			isa = XCBuildConfiguration;
			buildSettings = {
				ASSETCATALOG_COMPILER_APPICON_NAME = AppIcon;
				CODE_SIGN_STYLE = Automatic;
				DEVELOPMENT_TEAM = 3AP6XM8L72;
				INFOPLIST_FILE = MDKTenOpenTool/Info.plist;
				IPHONEOS_DEPLOYMENT_TARGET = 9.0;
				LD_RUNPATH_SEARCH_PATHS = "$(inherited) @executable_path/Frameworks";
				PRODUCT_BUNDLE_IDENTIFIER = mdk.MDKTenOpenTool;
				PRODUCT_NAME = "$(TARGET_NAME)";
				TARGETED_DEVICE_FAMILY = "1,2";
			};
			name = Release;
		};
/* End XCBuildConfiguration section */

/* Begin XCConfigurationList section */
		FFDE39EC2094350C00F21282 /* Build configuration list for PBXProject "MDKTenOpenTool" */ = {
			isa = XCConfigurationList;
			buildConfigurations = (
				FFDE3A052094350D00F21282 /* Debug */,
				FFDE3A062094350D00F21282 /* Release */,
			);
			defaultConfigurationIsVisible = 0;
			defaultConfigurationName = Release;
		};
		FFDE3A072094350D00F21282 /* Build configuration list for PBXNativeTarget "MDKTenOpenTool" */ = {
			isa = XCConfigurationList;
			buildConfigurations = (
				FFDE3A082094350D00F21282 /* Debug */,
				FFDE3A092094350D00F21282 /* Release */,
			);
			defaultConfigurationIsVisible = 0;
			defaultConfigurationName = Release;
		};
/* End XCConfigurationList section */
	};
	rootObject = FFDE39E92094350C00F21282 /* Project object */;
}
